
Microsoft Visual Studio Solution File, Format Version 12.00
# Visual Studio Version 17
VisualStudioVersion = 17.3.32929.385
MinimumVisualStudioVersion = 10.0.40219.1
Project("{FAE04EC0-301F-11D3-BF4B-00C04F79EFBC}") = "HomeWorks", "HomeWorks.csproj", "{0ABCEE57-B103-4515-B551-6AC794D2A0E2}"
EndProject
Global
	GlobalSection(SolutionConfigurationPlatforms) = preSolution
		Debug|Any CPU = Debug|Any CPU
		Release|Any CPU = Release|Any CPU
	EndGlobalSection
	GlobalSection(ProjectConfigurationPlatforms) = postSolution
		{0ABCEE57-B103-4515-B551-6AC794D2A0E2}.Debug|Any CPU.ActiveCfg = Debug|Any CPU
		{0ABCEE57-B103-4515-B551-6AC794D2A0E2}.Debug|Any CPU.Build.0 = Debug|Any CPU
		{0ABCEE57-B103-4515-B551-6AC794D2A0E2}.Release|Any CPU.ActiveCfg = Release|Any CPU
		{0ABCEE57-B103-4515-B551-6AC794D2A0E2}.Release|Any CPU.Build.0 = Release|Any CPU
	EndGlobalSection
	GlobalSection(SolutionProperties) = preSolution
		HideSolutionNode = FALSE
	EndGlobalSection
	GlobalSection(ExtensibilityGlobals) = postSolution
		SolutionGuid = {C0FFE879-51C0-46BB-9632-70127C2E4344}
	EndGlobalSection
EndGlobal
